
Microsoft Visual Studio Solution File, Format Version 12.00
# Visual Studio 15
VisualStudioVersion = 15.0.26730.12
MinimumVisualStudioVersion = 10.0.40219.1
Project("{FAE04EC0-301F-11D3-BF4B-00C04F79EFBC}") = "XamAgenda.Android", "XamAgenda\XamAgenda.Android\XamAgenda.Android.csproj", "{2B3BB905-D0B5-42AB-AADA-B835A2D8C39A}"
EndProject
Project("{FAE04EC0-301F-11D3-BF4B-00C04F79EFBC}") = "XamAgenda", "XamAgenda\XamAgenda\XamAgenda.csproj", "{C7B28BEA-016C-4A48-BCCC-150CA8D2E716}"
EndProject
Project("{FAE04EC0-301F-11D3-BF4B-00C04F79EFBC}") = "XamAgenda.iOS", "XamAgenda\XamAgenda.iOS\XamAgenda.iOS.csproj", "{7C235263-5122-4A69-B7E7-13890BACB5F9}"
EndProject
Global
	GlobalSection(SolutionConfigurationPlatforms) = preSolution
		Ad-Hoc|Any CPU = Ad-Hoc|Any CPU
		Ad-Hoc|iPhone = Ad-Hoc|iPhone
		Ad-Hoc|iPhoneSimulator = Ad-Hoc|iPhoneSimulator
		AppStore|Any CPU = AppStore|Any CPU
		AppStore|iPhone = AppStore|iPhone
		AppStore|iPhoneSimulator = AppStore|iPhoneSimulator
		Debug|Any CPU = Debug|Any CPU
		Debug|iPhone = Debug|iPhone
		Debug|iPhoneSimulator = Debug|iPhoneSimulator
		Release|Any CPU = Release|Any CPU
		Release|iPhone = Release|iPhone
		Release|iPhoneSimulator = Release|iPhoneSimulator
	EndGlobalSection
	GlobalSection(ProjectConfigurationPlatforms) = postSolution
		{2B3BB905-D0B5-42AB-AADA-B835A2D8C39A}.Ad-Hoc|Any CPU.ActiveCfg = Release|Any CPU
		{2B3BB905-D0B5-42AB-AADA-B835A2D8C39A}.Ad-Hoc|Any CPU.Build.0 = Release|Any CPU
		{2B3BB905-D0B5-42AB-AADA-B835A2D8C39A}.Ad-Hoc|Any CPU.Deploy.0 = Release|Any CPU
		{2B3BB905-D0B5-42AB-AADA-B835A2D8C39A}.Ad-Hoc|iPhone.ActiveCfg = Release|Any CPU
		{2B3BB905-D0B5-42AB-AADA-B835A2D8C39A}.Ad-Hoc|iPhone.Build.0 = Release|Any CPU
		{2B3BB905-D0B5-42AB-AADA-B835A2D8C39A}.Ad-Hoc|iPhone.Deploy.0 = Release|Any CPU
		{2B3BB905-D0B5-42AB-AADA-B835A2D8C39A}.Ad-Hoc|iPhoneSimulator.ActiveCfg = Release|Any CPU
		{2B3BB905-D0B5-42AB-AADA-B835A2D8C39A}.Ad-Hoc|iPhoneSimulator.Build.0 = Release|Any CPU
		{2B3BB905-D0B5-42AB-AADA-B835A2D8C39A}.Ad-Hoc|iPhoneSimulator.Deploy.0 = Release|Any CPU
		{2B3BB905-D0B5-42AB-AADA-B835A2D8C39A}.AppStore|Any CPU.ActiveCfg = Release|Any CPU
		{2B3BB905-D0B5-42AB-AADA-B835A2D8C39A}.AppStore|Any CPU.Build.0 = Release|Any CPU
		{2B3BB905-D0B5-42AB-AADA-B835A2D8C39A}.AppStore|Any CPU.Deploy.0 = Release|Any CPU
		{2B3BB905-D0B5-42AB-AADA-B835A2D8C39A}.AppStore|iPhone.ActiveCfg = Release|Any CPU
		{2B3BB905-D0B5-42AB-AADA-B835A2D8C39A}.AppStore|iPhone.Build.0 = Release|Any CPU
		{2B3BB905-D0B5-42AB-AADA-B835A2D8C39A}.AppStore|iPhone.Deploy.0 = Release|Any CPU
		{2B3BB905-D0B5-42AB-AADA-B835A2D8C39A}.AppStore|iPhoneSimulator.ActiveCfg = Release|Any CPU
		{2B3BB905-D0B5-42AB-AADA-B835A2D8C39A}.AppStore|iPhoneSimulator.Build.0 = Release|Any CPU
		{2B3BB905-D0B5-42AB-AADA-B835A2D8C39A}.AppStore|iPhoneSimulator.Deploy.0 = Release|Any CPU
		{2B3BB905-D0B5-42AB-AADA-B835A2D8C39A}.Debug|Any CPU.ActiveCfg = Debug|Any CPU
		{2B3BB905-D0B5-42AB-AADA-B835A2D8C39A}.Debug|Any CPU.Build.0 = Debug|Any CPU
		{2B3BB905-D0B5-42AB-AADA-B835A2D8C39A}.Debug|Any CPU.Deploy.0 = Debug|Any CPU
		{2B3BB905-D0B5-42AB-AADA-B835A2D8C39A}.Debug|iPhone.ActiveCfg = Debug|Any CPU
		{2B3BB905-D0B5-42AB-AADA-B835A2D8C39A}.Debug|iPhone.Build.0 = Debug|Any CPU
		{2B3BB905-D0B5-42AB-AADA-B835A2D8C39A}.Debug|iPhone.Deploy.0 = Debug|Any CPU
		{2B3BB905-D0B5-42AB-AADA-B835A2D8C39A}.Debug|iPhoneSimulator.ActiveCfg = Debug|Any CPU
		{2B3BB905-D0B5-42AB-AADA-B835A2D8C39A}.Debug|iPhoneSimulator.Build.0 = Debug|Any CPU
		{2B3BB905-D0B5-42AB-AADA-B835A2D8C39A}.Debug|iPhoneSimulator.Deploy.0 = Debug|Any CPU
		{2B3BB905-D0B5-42AB-AADA-B835A2D8C39A}.Release|Any CPU.ActiveCfg = Release|Any CPU
		{2B3BB905-D0B5-42AB-AADA-B835A2D8C39A}.Release|Any CPU.Build.0 = Release|Any CPU
		{2B3BB905-D0B5-42AB-AADA-B835A2D8C39A}.Release|Any CPU.Deploy.0 = Release|Any CPU
		{2B3BB905-D0B5-42AB-AADA-B835A2D8C39A}.Release|iPhone.ActiveCfg = Release|Any CPU
		{2B3BB905-D0B5-42AB-AADA-B835A2D8C39A}.Release|iPhone.Build.0 = Release|Any CPU
		{2B3BB905-D0B5-42AB-AADA-B835A2D8C39A}.Release|iPhone.Deploy.0 = Release|Any CPU
		{2B3BB905-D0B5-42AB-AADA-B835A2D8C39A}.Release|iPhoneSimulator.ActiveCfg = Release|Any CPU
		{2B3BB905-D0B5-42AB-AADA-B835A2D8C39A}.Release|iPhoneSimulator.Build.0 = Release|Any CPU
		{2B3BB905-D0B5-42AB-AADA-B835A2D8C39A}.Release|iPhoneSimulator.Deploy.0 = Release|Any CPU
		{C7B28BEA-016C-4A48-BCCC-150CA8D2E716}.Ad-Hoc|Any CPU.ActiveCfg = Release|Any CPU
		{C7B28BEA-016C-4A48-BCCC-150CA8D2E716}.Ad-Hoc|Any CPU.Build.0 = Release|Any CPU
		{C7B28BEA-016C-4A48-BCCC-150CA8D2E716}.Ad-Hoc|iPhone.ActiveCfg = Release|Any CPU
		{C7B28BEA-016C-4A48-BCCC-150CA8D2E716}.Ad-Hoc|iPhone.Build.0 = Release|Any CPU
		{C7B28BEA-016C-4A48-BCCC-150CA8D2E716}.Ad-Hoc|iPhoneSimulator.ActiveCfg = Release|Any CPU
		{C7B28BEA-016C-4A48-BCCC-150CA8D2E716}.Ad-Hoc|iPhoneSimulator.Build.0 = Release|Any CPU
		{C7B28BEA-016C-4A48-BCCC-150CA8D2E716}.AppStore|Any CPU.ActiveCfg = Release|Any CPU
		{C7B28BEA-016C-4A48-BCCC-150CA8D2E716}.AppStore|Any CPU.Build.0 = Release|Any CPU
		{C7B28BEA-016C-4A48-BCCC-150CA8D2E716}.AppStore|iPhone.ActiveCfg = Release|Any CPU
		{C7B28BEA-016C-4A48-BCCC-150CA8D2E716}.AppStore|iPhone.Build.0 = Release|Any CPU
		{C7B28BEA-016C-4A48-BCCC-150CA8D2E716}.AppStore|iPhoneSimulator.ActiveCfg = Release|Any CPU
		{C7B28BEA-016C-4A48-BCCC-150CA8D2E716}.AppStore|iPhoneSimulator.Build.0 = Release|Any CPU
		{C7B28BEA-016C-4A48-BCCC-150CA8D2E716}.Debug|Any CPU.ActiveCfg = Debug|Any CPU
		{C7B28BEA-016C-4A48-BCCC-150CA8D2E716}.Debug|Any CPU.Build.0 = Debug|Any CPU
		{C7B28BEA-016C-4A48-BCCC-150CA8D2E716}.Debug|iPhone.ActiveCfg = Debug|Any CPU
		{C7B28BEA-016C-4A48-BCCC-150CA8D2E716}.Debug|iPhone.Build.0 = Debug|Any CPU
		{C7B28BEA-016C-4A48-BCCC-150CA8D2E716}.Debug|iPhoneSimulator.ActiveCfg = Debug|Any CPU
		{C7B28BEA-016C-4A48-BCCC-150CA8D2E716}.Debug|iPhoneSimulator.Build.0 = Debug|Any CPU
		{C7B28BEA-016C-4A48-BCCC-150CA8D2E716}.Release|Any CPU.ActiveCfg = Release|Any CPU
		{C7B28BEA-016C-4A48-BCCC-150CA8D2E716}.Release|Any CPU.Build.0 = Release|Any CPU
		{C7B28BEA-016C-4A48-BCCC-150CA8D2E716}.Release|iPhone.ActiveCfg = Release|Any CPU
		{C7B28BEA-016C-4A48-BCCC-150CA8D2E716}.Release|iPhone.Build.0 = Release|Any CPU
		{C7B28BEA-016C-4A48-BCCC-150CA8D2E716}.Release|iPhoneSimulator.ActiveCfg = Release|Any CPU
		{C7B28BEA-016C-4A48-BCCC-150CA8D2E716}.Release|iPhoneSimulator.Build.0 = Release|Any CPU
		{7C235263-5122-4A69-B7E7-13890BACB5F9}.Ad-Hoc|Any CPU.ActiveCfg = Ad-Hoc|iPhone
		{7C235263-5122-4A69-B7E7-13890BACB5F9}.Ad-Hoc|iPhone.ActiveCfg = Ad-Hoc|iPhone
		{7C235263-5122-4A69-B7E7-13890BACB5F9}.Ad-Hoc|iPhone.Build.0 = Ad-Hoc|iPhone
		{7C235263-5122-4A69-B7E7-13890BACB5F9}.Ad-Hoc|iPhoneSimulator.ActiveCfg = Ad-Hoc|iPhoneSimulator
		{7C235263-5122-4A69-B7E7-13890BACB5F9}.Ad-Hoc|iPhoneSimulator.Build.0 = Ad-Hoc|iPhoneSimulator
		{7C235263-5122-4A69-B7E7-13890BACB5F9}.AppStore|Any CPU.ActiveCfg = AppStore|iPhone
		{7C235263-5122-4A69-B7E7-13890BACB5F9}.AppStore|iPhone.ActiveCfg = AppStore|iPhone
		{7C235263-5122-4A69-B7E7-13890BACB5F9}.AppStore|iPhone.Build.0 = AppStore|iPhone
		{7C235263-5122-4A69-B7E7-13890BACB5F9}.AppStore|iPhoneSimulator.ActiveCfg = AppStore|iPhoneSimulator
		{7C235263-5122-4A69-B7E7-13890BACB5F9}.AppStore|iPhoneSimulator.Build.0 = AppStore|iPhoneSimulator
		{7C235263-5122-4A69-B7E7-13890BACB5F9}.Debug|Any CPU.ActiveCfg = Debug|iPhone
		{7C235263-5122-4A69-B7E7-13890BACB5F9}.Debug|iPhone.ActiveCfg = Debug|iPhone
		{7C235263-5122-4A69-B7E7-13890BACB5F9}.Debug|iPhone.Build.0 = Debug|iPhone
		{7C235263-5122-4A69-B7E7-13890BACB5F9}.Debug|iPhoneSimulator.ActiveCfg = Debug|iPhoneSimulator
		{7C235263-5122-4A69-B7E7-13890BACB5F9}.Debug|iPhoneSimulator.Build.0 = Debug|iPhoneSimulator
		{7C235263-5122-4A69-B7E7-13890BACB5F9}.Release|Any CPU.ActiveCfg = Release|iPhone
		{7C235263-5122-4A69-B7E7-13890BACB5F9}.Release|iPhone.ActiveCfg = Release|iPhone
		{7C235263-5122-4A69-B7E7-13890BACB5F9}.Release|iPhone.Build.0 = Release|iPhone
		{7C235263-5122-4A69-B7E7-13890BACB5F9}.Release|iPhoneSimulator.ActiveCfg = Release|iPhoneSimulator
		{7C235263-5122-4A69-B7E7-13890BACB5F9}.Release|iPhoneSimulator.Build.0 = Release|iPhoneSimulator
	EndGlobalSection
	GlobalSection(SolutionProperties) = preSolution
		HideSolutionNode = FALSE
	EndGlobalSection
	GlobalSection(ExtensibilityGlobals) = postSolution
		SolutionGuid = {DCD58189-0CB8-4BBE-A76C-EFC8E456C6CB}
	EndGlobalSection
EndGlobal
